
Microsoft Visual Studio Solution File, Format Version 12.00
# Visual Studio Version 16
VisualStudioVersion = 16.0.29709.97
MinimumVisualStudioVersion = 10.0.40219.1
Project("{9A19103F-16F7-4668-BE54-9A1E7A4F7556}") = "UserGartenApi", "UserGartenApi.csproj", "{F7EF4C1F-3362-40C4-A2BF-586641291825}"
EndProject
Project("{FAE04EC0-301F-11D3-BF4B-00C04F79EFBC}") = "UserGartenApi.Tests", "..\UserGartenApi.Tests\UserGartenApi.Tests.csproj", "{57CAC076-0359-44DD-9DFC-4441497FC6A5}"
EndProject
Global
	GlobalSection(SolutionConfigurationPlatforms) = preSolution
		Debug|Any CPU = Debug|Any CPU
		Release|Any CPU = Release|Any CPU
	EndGlobalSection
	GlobalSection(ProjectConfigurationPlatforms) = postSolution
		{F7EF4C1F-3362-40C4-A2BF-586641291825}.Debug|Any CPU.ActiveCfg = Debug|Any CPU
		{F7EF4C1F-3362-40C4-A2BF-586641291825}.Debug|Any CPU.Build.0 = Debug|Any CPU
		{F7EF4C1F-3362-40C4-A2BF-586641291825}.Release|Any CPU.ActiveCfg = Release|Any CPU
		{F7EF4C1F-3362-40C4-A2BF-586641291825}.Release|Any CPU.Build.0 = Release|Any CPU
		{57CAC076-0359-44DD-9DFC-4441497FC6A5}.Debug|Any CPU.ActiveCfg = Debug|Any CPU
		{57CAC076-0359-44DD-9DFC-4441497FC6A5}.Debug|Any CPU.Build.0 = Debug|Any CPU
		{57CAC076-0359-44DD-9DFC-4441497FC6A5}.Release|Any CPU.ActiveCfg = Release|Any CPU
		{57CAC076-0359-44DD-9DFC-4441497FC6A5}.Release|Any CPU.Build.0 = Release|Any CPU
	EndGlobalSection
	GlobalSection(SolutionProperties) = preSolution
		HideSolutionNode = FALSE
	EndGlobalSection
	GlobalSection(ExtensibilityGlobals) = postSolution
		SolutionGuid = {7B6E63FD-89B5-477A-9DDF-28F153D3E322}
	EndGlobalSection
EndGlobal
